
Microsoft Visual Studio Solution File, Format Version 12.00
# Visual Studio 2013
VisualStudioVersion = 12.0.30324.0
MinimumVisualStudioVersion = 10.0.40219.1
Project("{FAE04EC0-301F-11D3-BF4B-00C04F79EFBC}") = "LunchViewerService", "LunchViewerService\LunchViewerService.csproj", "{209FA716-A7AD-4095-BD70-C8710FC66FA7}"
EndProject
Project("{2150E333-8FDC-42A3-9474-1A3956D46DE8}") = ".nuget", ".nuget", "{0C64A03D-B10A-4175-84CB-67DE4FDBF789}"
	ProjectSection(SolutionItems) = preProject
		.nuget\NuGet.Config = .nuget\NuGet.Config
		.nuget\NuGet.targets = .nuget\NuGet.targets
	EndProjectSection
EndProject
Project("{FAE04EC0-301F-11D3-BF4B-00C04F79EFBC}") = "Models", "Models\Models.csproj", "{ACCABA08-E0AA-404A-8598-A144738C5347}"
EndProject
Project("{CC5FD16D-436D-48AD-A40C-5A424C6E3E79}") = "LunchViewerBackend", "LunchViewerBackend\LunchViewerBackend.ccproj", "{5281F4D5-9AA4-4354-9438-950BEB3B907F}"
EndProject
Project("{FAE04EC0-301F-11D3-BF4B-00C04F79EFBC}") = "EmailProcessor", "EmailProcessor\EmailProcessor.csproj", "{13D9BDF1-758D-4FA3-A5ED-66D1D6DA3B13}"
EndProject
Global
	GlobalSection(SolutionConfigurationPlatforms) = preSolution
		Debug|Any CPU = Debug|Any CPU
		Debug|ARM = Debug|ARM
		Debug|x86 = Debug|x86
		Release|Any CPU = Release|Any CPU
		Release|ARM = Release|ARM
		Release|x86 = Release|x86
	EndGlobalSection
	GlobalSection(ProjectConfigurationPlatforms) = postSolution
		{209FA716-A7AD-4095-BD70-C8710FC66FA7}.Debug|Any CPU.ActiveCfg = Debug|Any CPU
		{209FA716-A7AD-4095-BD70-C8710FC66FA7}.Debug|Any CPU.Build.0 = Debug|Any CPU
		{209FA716-A7AD-4095-BD70-C8710FC66FA7}.Debug|ARM.ActiveCfg = Debug|Any CPU
		{209FA716-A7AD-4095-BD70-C8710FC66FA7}.Debug|x86.ActiveCfg = Debug|Any CPU
		{209FA716-A7AD-4095-BD70-C8710FC66FA7}.Release|Any CPU.ActiveCfg = Release|Any CPU
		{209FA716-A7AD-4095-BD70-C8710FC66FA7}.Release|Any CPU.Build.0 = Release|Any CPU
		{209FA716-A7AD-4095-BD70-C8710FC66FA7}.Release|ARM.ActiveCfg = Release|Any CPU
		{209FA716-A7AD-4095-BD70-C8710FC66FA7}.Release|x86.ActiveCfg = Release|Any CPU
		{ACCABA08-E0AA-404A-8598-A144738C5347}.Debug|Any CPU.ActiveCfg = Debug|Any CPU
		{ACCABA08-E0AA-404A-8598-A144738C5347}.Debug|Any CPU.Build.0 = Debug|Any CPU
		{ACCABA08-E0AA-404A-8598-A144738C5347}.Debug|ARM.ActiveCfg = Debug|Any CPU
		{ACCABA08-E0AA-404A-8598-A144738C5347}.Debug|x86.ActiveCfg = Debug|Any CPU
		{ACCABA08-E0AA-404A-8598-A144738C5347}.Release|Any CPU.ActiveCfg = Release|Any CPU
		{ACCABA08-E0AA-404A-8598-A144738C5347}.Release|Any CPU.Build.0 = Release|Any CPU
		{ACCABA08-E0AA-404A-8598-A144738C5347}.Release|ARM.ActiveCfg = Release|Any CPU
		{ACCABA08-E0AA-404A-8598-A144738C5347}.Release|x86.ActiveCfg = Release|Any CPU
		{5281F4D5-9AA4-4354-9438-950BEB3B907F}.Debug|Any CPU.ActiveCfg = Debug|Any CPU
		{5281F4D5-9AA4-4354-9438-950BEB3B907F}.Debug|Any CPU.Build.0 = Debug|Any CPU
		{5281F4D5-9AA4-4354-9438-950BEB3B907F}.Debug|ARM.ActiveCfg = Debug|Any CPU
		{5281F4D5-9AA4-4354-9438-950BEB3B907F}.Debug|x86.ActiveCfg = Debug|Any CPU
		{5281F4D5-9AA4-4354-9438-950BEB3B907F}.Release|Any CPU.ActiveCfg = Release|Any CPU
		{5281F4D5-9AA4-4354-9438-950BEB3B907F}.Release|Any CPU.Build.0 = Release|Any CPU
		{5281F4D5-9AA4-4354-9438-950BEB3B907F}.Release|ARM.ActiveCfg = Release|Any CPU
		{5281F4D5-9AA4-4354-9438-950BEB3B907F}.Release|x86.ActiveCfg = Release|Any CPU
		{13D9BDF1-758D-4FA3-A5ED-66D1D6DA3B13}.Debug|Any CPU.ActiveCfg = Debug|Any CPU
		{13D9BDF1-758D-4FA3-A5ED-66D1D6DA3B13}.Debug|Any CPU.Build.0 = Debug|Any CPU
		{13D9BDF1-758D-4FA3-A5ED-66D1D6DA3B13}.Debug|ARM.ActiveCfg = Debug|Any CPU
		{13D9BDF1-758D-4FA3-A5ED-66D1D6DA3B13}.Debug|x86.ActiveCfg = Debug|Any CPU
		{13D9BDF1-758D-4FA3-A5ED-66D1D6DA3B13}.Release|Any CPU.ActiveCfg = Release|Any CPU
		{13D9BDF1-758D-4FA3-A5ED-66D1D6DA3B13}.Release|Any CPU.Build.0 = Release|Any CPU
		{13D9BDF1-758D-4FA3-A5ED-66D1D6DA3B13}.Release|ARM.ActiveCfg = Release|Any CPU
		{13D9BDF1-758D-4FA3-A5ED-66D1D6DA3B13}.Release|x86.ActiveCfg = Release|Any CPU
	EndGlobalSection
	GlobalSection(SolutionProperties) = preSolution
		HideSolutionNode = FALSE
	EndGlobalSection
EndGlobal
